# -------------------------------------------------------------------------- #
#
# Copyright (C) 1991-2013 Altera Corporation
# Your use of Altera Corporation's design tools, logic functions 
# and other software and tools, and its AMPP partner logic 
# functions, and any output files from any of the foregoing 
# (including device programming or simulation files), and any 
# associated documentation or information are expressly subject 
# to the terms and conditions of the Altera Program License 
# Subscription Agreement, Altera MegaCore Function License 
# Agreement, or other applicable license agreement, including, 
# without limitation, that your use is for the sole purpose of 
# programming logic devices manufactured by Altera and sold by 
# Altera or its authorized distributors.  Please refer to the 
# applicable agreement for further details.
#
# -------------------------------------------------------------------------- #
#
# Quartus II 64-Bit
# Version 13.1.0 Build 162 10/23/2013 SJ Web Edition
# Date created = 14:50:52  June 02, 2026
#
# -------------------------------------------------------------------------- #
#
# Notes:
#
# 1) The default values for assignments are stored in the file:
#		UMami-s_assignment_defaults.qdf
#    If this file doesn't exist, see file:
#		assignment_defaults.qdf
#
# 2) Altera recommends that you do not modify this file. This
#    file is updated automatically by the Quartus II software
#    and any changes you make may be lost or overwritten.
#
# -------------------------------------------------------------------------- #


set_global_assignment -name FAMILY "Cyclone III"
set_global_assignment -name DEVICE EP3C16F484C6
set_global_assignment -name TOP_LEVEL_ENTITY SDRAM_CNTR
set_global_assignment -name ORIGINAL_QUARTUS_VERSION 13.1
set_global_assignment -name PROJECT_CREATION_TIME_DATE "14:50:52  JUNE 02, 2026"
set_global_assignment -name LAST_QUARTUS_VERSION 13.1
set_global_assignment -name PROJECT_OUTPUT_DIRECTORY output_files
set_global_assignment -name MIN_CORE_JUNCTION_TEMP 0
set_global_assignment -name MAX_CORE_JUNCTION_TEMP 85
set_global_assignment -name ERROR_CHECK_FREQUENCY_DIVISOR 1
set_global_assignment -name NOMINAL_CORE_SUPPLY_VOLTAGE 1.2V
set_global_assignment -name EDA_SIMULATION_TOOL "ModelSim-Altera (Verilog)"
set_global_assignment -name EDA_OUTPUT_DATA_FORMAT "VERILOG HDL" -section_id eda_simulation
set_global_assignment -name POWER_PRESET_COOLING_SOLUTION "23 MM HEAT SINK WITH 200 LFPM AIRFLOW"
set_global_assignment -name POWER_BOARD_THERMAL_MODEL "NONE (CONSERVATIVE)"
set_global_assignment -name PARTITION_NETLIST_TYPE SOURCE -section_id Top
set_global_assignment -name PARTITION_FITTER_PRESERVATION_LEVEL PLACEMENT_AND_ROUTING -section_id Top
set_global_assignment -name PARTITION_COLOR 16764057 -section_id Top
set_instance_assignment -name PARTITION_HIERARCHY root_partition -to | -section_id Top
set_global_assignment -name SEARCH_PATH "c:\\users\\temp\\documents\\github\\umami-s\\core"
set_global_assignment -name SEARCH_PATH core/components/reg
set_global_assignment -name SEARCH_PATH core/components/mux
set_global_assignment -name SEARCH_PATH core/components/dc
set_global_assignment -name SEARCH_PATH core/operationalunit
set_global_assignment -name SEARCH_PATH core/controlunit
set_global_assignment -name SEARCH_PATH core/registers
set_global_assignment -name SEARCH_PATH core/components
set_global_assignment -name EDA_NETLIST_WRITER_OUTPUT_DIR "C:/Users/TEMP/Desktop/AR/UMami-s/simulation/qsim/" -section_id eda_simulation
set_global_assignment -name EDA_GENERATE_FUNCTIONAL_NETLIST ON -section_id eda_simulation

set_global_assignment -name BDF_FILE Components/HELPERS/RisingEdge.bdf
set_global_assignment -name VHDL_FILE TestUtils/SevenSegmentInterfaceDEC.vhd
set_global_assignment -name VHDL_FILE TestUtils/CLK_DIVIDER.vhd
set_global_assignment -name VHDL_FILE TestUtils/Binary2BCD.vhd
set_global_assignment -name BDF_FILE core/Components/DC/DC5_32.bdf
set_global_assignment -name BDF_FILE core/Components/DC/DC4_32.bdf
set_global_assignment -name BDF_FILE core/Components/DC/DC2_32.bdf
set_global_assignment -name BDF_FILE core/Components/REG/LD_CL_INC_DEC/REG32_LD_CL_INC_DEC.bdf
set_global_assignment -name BDF_FILE core/Components/REG/LD_CL_INC_DEC/REG16_LD_CL_INC_DEC.bdf
set_global_assignment -name BDF_FILE core/Components/REG/LD_CL_INC_DEC/REG8_LD_CL_INC_DEC.bdf
set_global_assignment -name BDF_FILE core/Components/REG/LD_CL_INC_DEC/REG4_LD_CL_INC_DEC.bdf
set_global_assignment -name BDF_FILE core/Components/REG/LD_CL_INC_DEC/REG1_LD_CL_INC_DEC.bdf
set_global_assignment -name BDF_FILE core/Components/REG/LD_CL/REG32_LD_CL.bdf
set_global_assignment -name BDF_FILE core/Components/REG/LD_CL/REG16_LD_CL.bdf
set_global_assignment -name BDF_FILE core/Components/REG/LD_CL/REG8_LD_CL.bdf
set_global_assignment -name BDF_FILE core/Components/REG/LD_CL/REG4_LD_CL.bdf
set_global_assignment -name BDF_FILE core/Components/REG/LD_CL/REG1_LD_CL.bdf
set_global_assignment -name BDF_FILE "UMami-s.bdf"
set_global_assignment -name BDF_FILE core/Components/REG/LD_CL_INC_DEC/PC.bdf
set_global_assignment -name BDF_FILE core/Components/REG/LD_INC/REG1_LD_INC.bdf
set_global_assignment -name BDF_FILE core/Components/REG/LD_INC/REG4_LD_INC.bdf
set_global_assignment -name BDF_FILE core/Components/REG/LD_INC/REG16_LD_INC.bdf
set_global_assignment -name BDF_FILE core/Components/REG/LD_INC/REG32_LD_INC.bdf
set_global_assignment -name BDF_FILE core/Registers/PC.bdf
set_global_assignment -name BDF_FILE core/Registers/MAR.bdf
set_global_assignment -name BDF_FILE core/Registers/MDR.bdf
set_global_assignment -name BDF_FILE core/Fetch.bdf
set_global_assignment -name BDF_FILE core/OperationalUnit.bdf
set_global_assignment -name BDF_FILE core/Registers/IR.bdf
set_global_assignment -name BDF_FILE core/Components/DC/DC3_8.bdf
set_global_assignment -name BDF_FILE core/ControlUnit.bdf
set_global_assignment -name BDF_FILE "core/ComponentsOLD-ToDelete/DC/DC1_2.bdf"
set_global_assignment -name QIP_FILE gpu/SDRAM_CNTR_ROM.qip
set_global_assignment -name MIF_FILE gpu/microcode.mif
set_global_assignment -name QIP_FILE gpu/lpm_mux0.qip
set_global_assignment -name BDF_FILE gpu/SDRAM_CNTR.bdf
set_global_assignment -name QIP_FILE gpu/lpm_mux1.qip
set_global_assignment -name QIP_FILE gpu/lpm_mux2.qip
set_global_assignment -name BDF_FILE mstatus.bdf
set_global_assignment -name BDF_FILE core/Registers/mtvec.bdf
set_global_assignment -name BDF_FILE core/Registers/mepc.bdf
set_global_assignment -name BDF_FILE core/Registers/mcause.bdf
set_global_assignment -name BDF_FILE core/Registers/mstatus.bdf
set_global_assignment -name BDF_FILE core/ControlUnit/CSR/CSRWriteData.bdf
set_global_assignment -name VECTOR_WAVEFORM_FILE gpu/init_test.vwf
set_global_assignment -name BDF_FILE "gpu/sdram_test_files/UMami-s.bdf"
set_global_assignment -name BDF_FILE gpu/sdram_test_files/sdram_test.bdf